// !$*UTF8*$!
{
	archiveVersion = 1;
	classes = {
	};
	objectVersion = 46;
	objects = {

/* Begin PBXBuildFile section */
		9415D8A61EE6869D00B981ED /* main.m in Sources */ = {isa = PBXBuildFile; fileRef = 9415D8A51EE6869D00B981ED /* main.m */; };
		9415D8A91EE6869D00B981ED /* AppDelegate.m in Sources */ = {isa = PBXBuildFile; fileRef = 9415D8A81EE6869D00B981ED /* AppDelegate.m */; };
		9415D8AC1EE6869D00B981ED /* ViewController.m in Sources */ = {isa = PBXBuildFile; fileRef = 9415D8AB1EE6869D00B981ED /* ViewController.m */; };
		9415D8AF1EE6869D00B981ED /* Main.storyboard in Resources */ = {isa = PBXBuildFile; fileRef = 9415D8AD1EE6869D00B981ED /* Main.storyboard */; };
		9415D8B11EE6869D00B981ED /* Assets.xcassets in Resources */ = {isa = PBXBuildFile; fileRef = 9415D8B01EE6869D00B981ED /* Assets.xcassets */; };
		9415D8B41EE6869D00B981ED /* LaunchScreen.storyboard in Resources */ = {isa = PBXBuildFile; fileRef = 9415D8B21EE6869D00B981ED /* LaunchScreen.storyboard */; };
		9415D8BD1EE688EC00B981ED /* EmitterViewController.m in Sources */ = {isa = PBXBuildFile; fileRef = 9415D8BC1EE688EC00B981ED /* EmitterViewController.m */; };
		944E0B1C1EF771E00054BEEC /* UIViewAnimationViewController.m in Sources */ = {isa = PBXBuildFile; fileRef = 944E0B1B1EF771E00054BEEC /* UIViewAnimationViewController.m */; };
		944E0B1F1EF77F800054BEEC /* BasicAnimationViewController.m in Sources */ = {isa = PBXBuildFile; fileRef = 944E0B1E1EF77F800054BEEC /* BasicAnimationViewController.m */; };
		944E0B221EF77F8B0054BEEC /* KeyFrameAnimationViewController.m in Sources */ = {isa = PBXBuildFile; fileRef = 944E0B211EF77F8B0054BEEC /* KeyFrameAnimationViewController.m */; };
		944E0B251EF7D6780054BEEC /* ProgressViewController.m in Sources */ = {isa = PBXBuildFile; fileRef = 944E0B241EF7D6780054BEEC /* ProgressViewController.m */; };
		94E41EBF1EFB954500006C42 /* CATransitionViewController.m in Sources */ = {isa = PBXBuildFile; fileRef = 94E41EBE1EFB954500006C42 /* CATransitionViewController.m */; };
/* End PBXBuildFile section */

/* Begin PBXFileReference section */
		9415D8A11EE6869D00B981ED /* CoreAnimationDemo.app */ = {isa = PBXFileReference; explicitFileType = wrapper.application; includeInIndex = 0; path = CoreAnimationDemo.app; sourceTree = BUILT_PRODUCTS_DIR; };
		9415D8A51EE6869D00B981ED /* main.m */ = {isa = PBXFileReference; lastKnownFileType = sourcecode.c.objc; path = main.m; sourceTree = "<group>"; };
		9415D8A71EE6869D00B981ED /* AppDelegate.h */ = {isa = PBXFileReference; lastKnownFileType = sourcecode.c.h; path = AppDelegate.h; sourceTree = "<group>"; };
		9415D8A81EE6869D00B981ED /* AppDelegate.m */ = {isa = PBXFileReference; lastKnownFileType = sourcecode.c.objc; path = AppDelegate.m; sourceTree = "<group>"; };
		9415D8AA1EE6869D00B981ED /* ViewController.h */ = {isa = PBXFileReference; lastKnownFileType = sourcecode.c.h; path = ViewController.h; sourceTree = "<group>"; };
		9415D8AB1EE6869D00B981ED /* ViewController.m */ = {isa = PBXFileReference; lastKnownFileType = sourcecode.c.objc; path = ViewController.m; sourceTree = "<group>"; };
		9415D8AE1EE6869D00B981ED /* Base */ = {isa = PBXFileReference; lastKnownFileType = file.storyboard; name = Base; path = Base.lproj/Main.storyboard; sourceTree = "<group>"; };
		9415D8B01EE6869D00B981ED /* Assets.xcassets */ = {isa = PBXFileReference; lastKnownFileType = folder.assetcatalog; path = Assets.xcassets; sourceTree = "<group>"; };
		9415D8B31EE6869D00B981ED /* Base */ = {isa = PBXFileReference; lastKnownFileType = file.storyboard; name = Base; path = Base.lproj/LaunchScreen.storyboard; sourceTree = "<group>"; };
		9415D8B51EE6869D00B981ED /* Info.plist */ = {isa = PBXFileReference; lastKnownFileType = text.plist.xml; path = Info.plist; sourceTree = "<group>"; };
		9415D8BB1EE688EC00B981ED /* EmitterViewController.h */ = {isa = PBXFileReference; fileEncoding = 4; lastKnownFileType = sourcecode.c.h; path = EmitterViewController.h; sourceTree = "<group>"; };
		9415D8BC1EE688EC00B981ED /* EmitterViewController.m */ = {isa = PBXFileReference; fileEncoding = 4; lastKnownFileType = sourcecode.c.objc; path = EmitterViewController.m; sourceTree = "<group>"; };
		944E0B1A1EF771E00054BEEC /* UIViewAnimationViewController.h */ = {isa = PBXFileReference; fileEncoding = 4; lastKnownFileType = sourcecode.c.h; path = UIViewAnimationViewController.h; sourceTree = "<group>"; };
		944E0B1B1EF771E00054BEEC /* UIViewAnimationViewController.m */ = {isa = PBXFileReference; fileEncoding = 4; lastKnownFileType = sourcecode.c.objc; path = UIViewAnimationViewController.m; sourceTree = "<group>"; };
		944E0B1D1EF77F800054BEEC /* BasicAnimationViewController.h */ = {isa = PBXFileReference; fileEncoding = 4; lastKnownFileType = sourcecode.c.h; path = BasicAnimationViewController.h; sourceTree = "<group>"; };
		944E0B1E1EF77F800054BEEC /* BasicAnimationViewController.m */ = {isa = PBXFileReference; fileEncoding = 4; lastKnownFileType = sourcecode.c.objc; path = BasicAnimationViewController.m; sourceTree = "<group>"; };
		944E0B201EF77F8B0054BEEC /* KeyFrameAnimationViewController.h */ = {isa = PBXFileReference; fileEncoding = 4; lastKnownFileType = sourcecode.c.h; path = KeyFrameAnimationViewController.h; sourceTree = "<group>"; };
		944E0B211EF77F8B0054BEEC /* KeyFrameAnimationViewController.m */ = {isa = PBXFileReference; fileEncoding = 4; lastKnownFileType = sourcecode.c.objc; path = KeyFrameAnimationViewController.m; sourceTree = "<group>"; };
		944E0B231EF7D6780054BEEC /* ProgressViewController.h */ = {isa = PBXFileReference; fileEncoding = 4; lastKnownFileType = sourcecode.c.h; path = ProgressViewController.h; sourceTree = "<group>"; };
		944E0B241EF7D6780054BEEC /* ProgressViewController.m */ = {isa = PBXFileReference; fileEncoding = 4; lastKnownFileType = sourcecode.c.objc; path = ProgressViewController.m; sourceTree = "<group>"; };
		94E41EBD1EFB954500006C42 /* CATransitionViewController.h */ = {isa = PBXFileReference; fileEncoding = 4; lastKnownFileType = sourcecode.c.h; path = CATransitionViewController.h; sourceTree = "<group>"; };
		94E41EBE1EFB954500006C42 /* CATransitionViewController.m */ = {isa = PBXFileReference; fileEncoding = 4; lastKnownFileType = sourcecode.c.objc; path = CATransitionViewController.m; sourceTree = "<group>"; };
/* End PBXFileReference section */

/* Begin PBXFrameworksBuildPhase section */
		9415D89E1EE6869D00B981ED /* Frameworks */ = {
			isa = PBXFrameworksBuildPhase;
			buildActionMask = 2147483647;
			files = (
			);
			runOnlyForDeploymentPostprocessing = 0;
		};
/* End PBXFrameworksBuildPhase section */

/* Begin PBXGroup section */
		9415D8981EE6869D00B981ED = {
			isa = PBXGroup;
			children = (
				9415D8A31EE6869D00B981ED /* CoreAnimationDemo */,
				9415D8A21EE6869D00B981ED /* Products */,
			);
			sourceTree = "<group>";
		};
		9415D8A21EE6869D00B981ED /* Products */ = {
			isa = PBXGroup;
			children = (
				9415D8A11EE6869D00B981ED /* CoreAnimationDemo.app */,
			);
			name = Products;
			sourceTree = "<group>";
		};
		9415D8A31EE6869D00B981ED /* CoreAnimationDemo */ = {
			isa = PBXGroup;
			children = (
				9415D8A71EE6869D00B981ED /* AppDelegate.h */,
				9415D8A81EE6869D00B981ED /* AppDelegate.m */,
				9415D8AA1EE6869D00B981ED /* ViewController.h */,
				9415D8AB1EE6869D00B981ED /* ViewController.m */,
				9415D8AD1EE6869D00B981ED /* Main.storyboard */,
				9415D8B01EE6869D00B981ED /* Assets.xcassets */,
				9415D8B21EE6869D00B981ED /* LaunchScreen.storyboard */,
				9415D8B51EE6869D00B981ED /* Info.plist */,
				9415D8A41EE6869D00B981ED /* Supporting Files */,
				9415D8BB1EE688EC00B981ED /* EmitterViewController.h */,
				9415D8BC1EE688EC00B981ED /* EmitterViewController.m */,
				944E0B1A1EF771E00054BEEC /* UIViewAnimationViewController.h */,
				944E0B1B1EF771E00054BEEC /* UIViewAnimationViewController.m */,
				944E0B1D1EF77F800054BEEC /* BasicAnimationViewController.h */,
				944E0B1E1EF77F800054BEEC /* BasicAnimationViewController.m */,
				944E0B201EF77F8B0054BEEC /* KeyFrameAnimationViewController.h */,
				944E0B211EF77F8B0054BEEC /* KeyFrameAnimationViewController.m */,
				944E0B231EF7D6780054BEEC /* ProgressViewController.h */,
				944E0B241EF7D6780054BEEC /* ProgressViewController.m */,
				94E41EBD1EFB954500006C42 /* CATransitionViewController.h */,
				94E41EBE1EFB954500006C42 /* CATransitionViewController.m */,
			);
			path = CoreAnimationDemo;
			sourceTree = "<group>";
		};
		9415D8A41EE6869D00B981ED /* Supporting Files */ = {
			isa = PBXGroup;
			children = (
				9415D8A51EE6869D00B981ED /* main.m */,
			);
			name = "Supporting Files";
			sourceTree = "<group>";
		};
/* End PBXGroup section */

/* Begin PBXNativeTarget section */
		9415D8A01EE6869D00B981ED /* CoreAnimationDemo */ = {
			isa = PBXNativeTarget;
			buildConfigurationList = 9415D8B81EE6869D00B981ED /* Build configuration list for PBXNativeTarget "CoreAnimationDemo" */;
			buildPhases = (
				9415D89D1EE6869D00B981ED /* Sources */,
				9415D89E1EE6869D00B981ED /* Frameworks */,
				9415D89F1EE6869D00B981ED /* Resources */,
			);
			buildRules = (
			);
			dependencies = (
			);
			name = CoreAnimationDemo;
			productName = CoreAnimationDemo;
			productReference = 9415D8A11EE6869D00B981ED /* CoreAnimationDemo.app */;
			productType = "com.apple.product-type.application";
		};
/* End PBXNativeTarget section */

/* Begin PBXProject section */
		9415D8991EE6869D00B981ED /* Project object */ = {
			isa = PBXProject;
			attributes = {
				LastUpgradeCheck = 0830;
				ORGANIZATIONNAME = brant;
				TargetAttributes = {
					9415D8A01EE6869D00B981ED = {
						CreatedOnToolsVersion = 8.3.1;
						DevelopmentTeam = KYPLW3N5HG;
						ProvisioningStyle = Automatic;
					};
				};
			};
			buildConfigurationList = 9415D89C1EE6869D00B981ED /* Build configuration list for PBXProject "CoreAnimationDemo" */;
			compatibilityVersion = "Xcode 3.2";
			developmentRegion = English;
			hasScannedForEncodings = 0;
			knownRegions = (
				en,
				Base,
			);
			mainGroup = 9415D8981EE6869D00B981ED;
			productRefGroup = 9415D8A21EE6869D00B981ED /* Products */;
			projectDirPath = "";
			projectRoot = "";
			targets = (
				9415D8A01EE6869D00B981ED /* CoreAnimationDemo */,
			);
		};
/* End PBXProject section */

/* Begin PBXResourcesBuildPhase section */
		9415D89F1EE6869D00B981ED /* Resources */ = {
			isa = PBXResourcesBuildPhase;
			buildActionMask = 2147483647;
			files = (
				9415D8B41EE6869D00B981ED /* LaunchScreen.storyboard in Resources */,
				9415D8B11EE6869D00B981ED /* Assets.xcassets in Resources */,
				9415D8AF1EE6869D00B981ED /* Main.storyboard in Resources */,
			);
			runOnlyForDeploymentPostprocessing = 0;
		};
/* End PBXResourcesBuildPhase section */

/* Begin PBXSourcesBuildPhase section */
		9415D89D1EE6869D00B981ED /* Sources */ = {
			isa = PBXSourcesBuildPhase;
			buildActionMask = 2147483647;
			files = (
				944E0B1F1EF77F800054BEEC /* BasicAnimationViewController.m in Sources */,
				944E0B1C1EF771E00054BEEC /* UIViewAnimationViewController.m in Sources */,
				944E0B221EF77F8B0054BEEC /* KeyFrameAnimationViewController.m in Sources */,
				9415D8AC1EE6869D00B981ED /* ViewController.m in Sources */,
				9415D8A91EE6869D00B981ED /* AppDelegate.m in Sources */,
				9415D8A61EE6869D00B981ED /* main.m in Sources */,
				9415D8BD1EE688EC00B981ED /* EmitterViewController.m in Sources */,
				944E0B251EF7D6780054BEEC /* ProgressViewController.m in Sources */,
				94E41EBF1EFB954500006C42 /* CATransitionViewController.m in Sources */,
			);
			runOnlyForDeploymentPostprocessing = 0;
		};
/* End PBXSourcesBuildPhase section */

/* Begin PBXVariantGroup section */
		9415D8AD1EE6869D00B981ED /* Main.storyboard */ = {
			isa = PBXVariantGroup;
			children = (
				9415D8AE1EE6869D00B981ED /* Base */,
			);
			name = Main.storyboard;
			sourceTree = "<group>";
		};
		9415D8B21EE6869D00B981ED /* LaunchScreen.storyboard */ = {
			isa = PBXVariantGroup;
			children = (
				9415D8B31EE6869D00B981ED /* Base */,
			);
			name = LaunchScreen.storyboard;
			sourceTree = "<group>";
		};
/* End PBXVariantGroup section */

/* Begin XCBuildConfiguration section */
		9415D8B61EE6869D00B981ED /* Debug */ = {
			isa = XCBuildConfiguration;
			buildSettings = {
				ALWAYS_SEARCH_USER_PATHS = NO;
				CLANG_ANALYZER_NONNULL = YES;
				CLANG_ANALYZER_NUMBER_OBJECT_CONVERSION = YES_AGGRESSIVE;
				CLANG_CXX_LANGUAGE_STANDARD = "gnu++0x";
				CLANG_CXX_LIBRARY = "libc++";
				CLANG_ENABLE_MODULES = YES;
				CLANG_ENABLE_OBJC_ARC = YES;
				CLANG_WARN_BOOL_CONVERSION = YES;
				CLANG_WARN_CONSTANT_CONVERSION = YES;
				CLANG_WARN_DIRECT_OBJC_ISA_USAGE = YES_ERROR;
				CLANG_WARN_DOCUMENTATION_COMMENTS = YES;
				CLANG_WARN_EMPTY_BODY = YES;
				CLANG_WARN_ENUM_CONVERSION = YES;
				CLANG_WARN_INFINITE_RECURSION = YES;
				CLANG_WARN_INT_CONVERSION = YES;
				CLANG_WARN_OBJC_ROOT_CLASS = YES_ERROR;
				CLANG_WARN_SUSPICIOUS_MOVE = YES;
				CLANG_WARN_UNREACHABLE_CODE = YES;
				CLANG_WARN__DUPLICATE_METHOD_MATCH = YES;
				"CODE_SIGN_IDENTITY[sdk=iphoneos*]" = "iPhone Developer";
				COPY_PHASE_STRIP = NO;
				DEBUG_INFORMATION_FORMAT = dwarf;
				ENABLE_STRICT_OBJC_MSGSEND = YES;
				ENABLE_TESTABILITY = YES;
				GCC_C_LANGUAGE_STANDARD = gnu99;
				GCC_DYNAMIC_NO_PIC = NO;
				GCC_NO_COMMON_BLOCKS = YES;
				GCC_OPTIMIZATION_LEVEL = 0;
				GCC_PREPROCESSOR_DEFINITIONS = (
					"DEBUG=1",
					"$(inherited)",
				);
				GCC_WARN_64_TO_32_BIT_CONVERSION = YES;
				GCC_WARN_ABOUT_RETURN_TYPE = YES_ERROR;
				GCC_WARN_UNDECLARED_SELECTOR = YES;
				GCC_WARN_UNINITIALIZED_AUTOS = YES_AGGRESSIVE;
				GCC_WARN_UNUSED_FUNCTION = YES;
				GCC_WARN_UNUSED_VARIABLE = YES;
				IPHONEOS_DEPLOYMENT_TARGET = 8.0;
				MTL_ENABLE_DEBUG_INFO = YES;
				ONLY_ACTIVE_ARCH = YES;
				SDKROOT = iphoneos;
			};
			name = Debug;
		};
		9415D8B71EE6869D00B981ED /* Release */ = {
			isa = XCBuildConfiguration;
			buildSettings = {
				ALWAYS_SEARCH_USER_PATHS = NO;
				CLANG_ANALYZER_NONNULL = YES;
				CLANG_ANALYZER_NUMBER_OBJECT_CONVERSION = YES_AGGRESSIVE;
				CLANG_CXX_LANGUAGE_STANDARD = "gnu++0x";
				CLANG_CXX_LIBRARY = "libc++";
				CLANG_ENABLE_MODULES = YES;
				CLANG_ENABLE_OBJC_ARC = YES;
				CLANG_WARN_BOOL_CONVERSION = YES;
				CLANG_WARN_CONSTANT_CONVERSION = YES;
				CLANG_WARN_DIRECT_OBJC_ISA_USAGE = YES_ERROR;
				CLANG_WARN_DOCUMENTATION_COMMENTS = YES;
				CLANG_WARN_EMPTY_BODY = YES;
				CLANG_WARN_ENUM_CONVERSION = YES;
				CLANG_WARN_INFINITE_RECURSION = YES;
				CLANG_WARN_INT_CONVERSION = YES;
				CLANG_WARN_OBJC_ROOT_CLASS = YES_ERROR;
				CLANG_WARN_SUSPICIOUS_MOVE = YES;
				CLANG_WARN_UNREACHABLE_CODE = YES;
				CLANG_WARN__DUPLICATE_METHOD_MATCH = YES;
				"CODE_SIGN_IDENTITY[sdk=iphoneos*]" = "iPhone Developer";
				COPY_PHASE_STRIP = NO;
				DEBUG_INFORMATION_FORMAT = "dwarf-with-dsym";
				ENABLE_NS_ASSERTIONS = NO;
				ENABLE_STRICT_OBJC_MSGSEND = YES;
				GCC_C_LANGUAGE_STANDARD = gnu99;
				GCC_NO_COMMON_BLOCKS = YES;
				GCC_WARN_64_TO_32_BIT_CONVERSION = YES;
				GCC_WARN_ABOUT_RETURN_TYPE = YES_ERROR;
				GCC_WARN_UNDECLARED_SELECTOR = YES;
				GCC_WARN_UNINITIALIZED_AUTOS = YES_AGGRESSIVE;
				GCC_WARN_UNUSED_FUNCTION = YES;
				GCC_WARN_UNUSED_VARIABLE = YES;
				IPHONEOS_DEPLOYMENT_TARGET = 8.0;
				MTL_ENABLE_DEBUG_INFO = NO;
				SDKROOT = iphoneos;
				VALIDATE_PRODUCT = YES;
			};
			name = Release;
		};
		9415D8B91EE6869D00B981ED /* Debug */ = {
			isa = XCBuildConfiguration;
			buildSettings = {
				ASSETCATALOG_COMPILER_APPICON_NAME = AppIcon;
				DEVELOPMENT_TEAM = KYPLW3N5HG;
				INFOPLIST_FILE = CoreAnimationDemo/Info.plist;
				LD_RUNPATH_SEARCH_PATHS = "$(inherited) @executable_path/Frameworks";
				PRODUCT_BUNDLE_IDENTIFIER = com.brant.CoreAnimationDemo;
				PRODUCT_NAME = "$(TARGET_NAME)";
			};
			name = Debug;
		};
		9415D8BA1EE6869D00B981ED /* Release */ = {
			isa = XCBuildConfiguration;
			buildSettings = {
				ASSETCATALOG_COMPILER_APPICON_NAME = AppIcon;
				DEVELOPMENT_TEAM = KYPLW3N5HG;
				INFOPLIST_FILE = CoreAnimationDemo/Info.plist;
				LD_RUNPATH_SEARCH_PATHS = "$(inherited) @executable_path/Frameworks";
				PRODUCT_BUNDLE_IDENTIFIER = com.brant.CoreAnimationDemo;
				PRODUCT_NAME = "$(TARGET_NAME)";
			};
			name = Release;
		};
/* End XCBuildConfiguration section */

/* Begin XCConfigurationList section */
		9415D89C1EE6869D00B981ED /* Build configuration list for PBXProject "CoreAnimationDemo" */ = {
			isa = XCConfigurationList;
			buildConfigurations = (
				9415D8B61EE6869D00B981ED /* Debug */,
				9415D8B71EE6869D00B981ED /* Release */,
			);
			defaultConfigurationIsVisible = 0;
			defaultConfigurationName = Release;
		};
		9415D8B81EE6869D00B981ED /* Build configuration list for PBXNativeTarget "CoreAnimationDemo" */ = {
			isa = XCConfigurationList;
			buildConfigurations = (
				9415D8B91EE6869D00B981ED /* Debug */,
				9415D8BA1EE6869D00B981ED /* Release */,
			);
			defaultConfigurationIsVisible = 0;
			defaultConfigurationName = Release;
		};
/* End XCConfigurationList section */
	};
	rootObject = 9415D8991EE6869D00B981ED /* Project object */;
}
